<?xml version="1.0" encoding="utf-8"?>
<Project ToolsVersion="4.0" xmlns="http://schemas.microsoft.com/developer/msbuild/2003">
  <ItemGroup>
    <ClCompile Include="JugGfx\Shader.cpp">
      <Filter>Resource</Filter>
    </ClCompile>
    <ClCompile Include="JugGfx\Image.cpp">
      <Filter>Resource</Filter>
    </ClCompile>
    <ClCompile Include="JugGfx\pch.cpp">
      <Filter>Base</Filter>
    </ClCompile>
    <ClCompile Include="JugGfx\DXGI.cpp">
      <Filter>Graphics\DirectX</Filter>
    </ClCompile>
    <ClCompile Include="JugGfx\GraphicsInclude.cpp">
      <Filter>Base</Filter>
    </ClCompile>
    <ClCompile Include="JugGfx\GeometryFactory.cpp">
      <Filter>Geometry</Filter>
    </ClCompile>
    <ClCompile Include="JugGfx\TangentNormal.cpp">
      <Filter>Geometry</Filter>
    </ClCompile>
    <ClCompile Include="JugGfx\DxMacro.cpp">
      <Filter>Graphics\DirectX</Filter>
    </ClCompile>
    <ClCompile Include="JugGfx\Base.cpp">
      <Filter>Graphics</Filter>
    </ClCompile>
    <ClCompile Include="JugGfx\Graphics.cpp">
      <Filter>Graphics</Filter>
    </ClCompile>
    <ClCompile Include="JugGfx\Texture.cpp">
      <Filter>Graphics</Filter>
    </ClCompile>
    <ClCompile Include="JugGfx\VertexLayout.cpp">
      <Filter>Graphics</Filter>
    </ClCompile>
    <ClCompile Include="JugGfx\RenderGraph.cpp">
      <Filter>RenderGraph</Filter>
    </ClCompile>
    <ClCompile Include="JugGfx\ImGuiRenderer.cpp">
      <Filter>ImGui</Filter>
    </ClCompile>
    <ClCompile Include="JugGfx\ImGuiInclude.cpp">
      <Filter>ImGui</Filter>
    </ClCompile>
    <ClCompile Include="JugGfx\Error.cpp">
      <Filter>Error</Filter>
    </ClCompile>
    <ClCompile Include="JugGfx\ImGuiImage.cpp">
      <Filter>ImGui</Filter>
    </ClCompile>
  </ItemGroup>
  <ItemGroup>
    <ClInclude Include="JugGfx\Shader.h">
      <Filter>Resource</Filter>
    </ClInclude>
    <ClInclude Include="JugGfx\Image.h">
      <Filter>Resource</Filter>
    </ClInclude>
    <ClInclude Include="JugGfx\pch.h">
      <Filter>Base</Filter>
    </ClInclude>
    <ClInclude Include="JugGfx\DXGI.h">
      <Filter>Graphics\DirectX</Filter>
    </ClInclude>
    <ClInclude Include="JugGfx\GraphicsInclude.h">
      <Filter>Base</Filter>
    </ClInclude>
    <ClInclude Include="JugGfx\GeometryFactory.h">
      <Filter>Geometry</Filter>
    </ClInclude>
    <ClInclude Include="JugGfx\TangentNormal.h">
      <Filter>Geometry</Filter>
    </ClInclude>
    <ClInclude Include="JugGfx\DxMacro.h">
      <Filter>Graphics\DirectX</Filter>
    </ClInclude>
    <ClInclude Include="JugGfx\Base.h">
      <Filter>Graphics</Filter>
    </ClInclude>
    <ClInclude Include="JugGfx\Graphics.h">
      <Filter>Graphics</Filter>
    </ClInclude>
    <ClInclude Include="JugGfx\Texture.h">
      <Filter>Graphics</Filter>
    </ClInclude>
    <ClInclude Include="JugGfx\VertexLayout.h">
      <Filter>Graphics</Filter>
    </ClInclude>
    <ClInclude Include="JugGfx\RenderGraph.h">
      <Filter>RenderGraph</Filter>
    </ClInclude>
    <ClInclude Include="JugGfx\ImGuiRenderer.h">
      <Filter>ImGui</Filter>
    </ClInclude>
    <ClInclude Include="JugGfx\ImGuiInclude.h">
      <Filter>ImGui</Filter>
    </ClInclude>
    <ClInclude Include="JugGfx\Error.h">
      <Filter>Error</Filter>
    </ClInclude>
    <ClInclude Include="JugGfx\ImGuiImage.h">
      <Filter>ImGui</Filter>
    </ClInclude>
  </ItemGroup>
  <ItemGroup>
    <Filter Include="Resource">
      <UniqueIdentifier>{2758f465-f358-4260-aa53-cd49969989c6}</UniqueIdentifier>
    </Filter>
    <Filter Include="Geometry">
      <UniqueIdentifier>{131a49d4-ee18-4a25-8550-a954174a568f}</UniqueIdentifier>
    </Filter>
    <Filter Include="Error">
      <UniqueIdentifier>{4b47f499-0de8-4c36-8777-6fb8fc55e31d}</UniqueIdentifier>
    </Filter>
    <Filter Include="Base">
      <UniqueIdentifier>{419a3a41-fa99-43d5-9b8f-aa9dd13e1927}</UniqueIdentifier>
    </Filter>
    <Filter Include="Graphics">
      <UniqueIdentifier>{19320f5c-7dc8-4545-8d7e-cda69a878664}</UniqueIdentifier>
    </Filter>
    <Filter Include="Graphics\DirectX">
      <UniqueIdentifier>{b9434dc7-8c65-4739-b202-471465935189}</UniqueIdentifier>
    </Filter>
    <Filter Include="RenderGraph">
      <UniqueIdentifier>{22ce64f6-ee22-4844-b637-69f2584264ec}</UniqueIdentifier>
    </Filter>
    <Filter Include="ImGui">
      <UniqueIdentifier>{48b64afd-cfd8-465c-96a0-ae51e3a59af1}</UniqueIdentifier>
    </Filter>
  </ItemGroup>
</Project>